
Microsoft Visual Studio Solution File, Format Version 12.00
Project("{2150E333-8FDC-42A3-9474-1A3956D46DE8}") = "src", "src", "{5F61B209-77DE-46F9-993E-44825409C4F5}"
EndProject
Project("{2150E333-8FDC-42A3-9474-1A3956D46DE8}") = "test", "test", "{43319172-2FCA-4872-8EE9-3C54204D4DB7}"
EndProject
Project("{FAE04EC0-301F-11D3-BF4B-00C04F79EFBC}") = "Umi.Wbp", "src\Umi.Wbp\Umi.Wbp.csproj", "{1D384C36-7FDC-4072-B4D9-7BBEE4890B38}"
EndProject
Project("{FAE04EC0-301F-11D3-BF4B-00C04F79EFBC}") = "Umi.Wbp.Core", "src\Umi.Wbp.Core\Umi.Wbp.Core.csproj", "{E89D1677-1260-462A-A224-377A0275256C}"
EndProject
Project("{FAE04EC0-301F-11D3-BF4B-00C04F79EFBC}") = "Umi.Wbp.Dialogs", "src\Umi.Wbp.Dialogs\Umi.Wbp.Dialogs.csproj", "{9E0B8329-30FD-4AA9-B357-8E9CDDF85114}"
EndProject
Project("{FAE04EC0-301F-11D3-BF4B-00C04F79EFBC}") = "Umi.Wbp.Commands", "src\Umi.Wbp.Commands\Umi.Wbp.Commands.csproj", "{26DEEF34-B76B-4193-B231-5A3A24EE4528}"
EndProject
Project("{FAE04EC0-301F-11D3-BF4B-00C04F79EFBC}") = "Umi.Wbp.Events", "src\Umi.Wbp.Events\Umi.Wbp.Events.csproj", "{F698B8D3-3034-46AC-A42A-13A1B4504E9B}"
EndProject
Project("{FAE04EC0-301F-11D3-BF4B-00C04F79EFBC}") = "Umi.Wbp.Routers", "src\Umi.Wbp.Routers\Umi.Wbp.Routers.csproj", "{DF80BA0D-041D-480C-B74F-7E941F37D667}"
EndProject
Project("{FAE04EC0-301F-11D3-BF4B-00C04F79EFBC}") = "Umi.Wbp.Demo", "test\Umi.Wbp.Demo\Umi.Wbp.Demo.csproj", "{BC0047DE-CDE0-4636-BE3B-4EAFC535887A}"
EndProject
Project("{FAE04EC0-301F-11D3-BF4B-00C04F79EFBC}") = "Umi.Wbp.Localization", "src\Umi.Wbp.Localization\Umi.Wbp.Localization.csproj", "{85A2EC95-03BF-4612-BCEB-41F39388D88E}"
EndProject
Project("{FAE04EC0-301F-11D3-BF4B-00C04F79EFBC}") = "Umi.Wbp.Mvvm", "src\Umi.Wbp.Mvvm\Umi.Wbp.Mvvm.csproj", "{3C8F2181-E73A-4A62-81C0-5B52A62D947B}"
EndProject
Global
	GlobalSection(SolutionConfigurationPlatforms) = preSolution
		Debug|Any CPU = Debug|Any CPU
		Release|Any CPU = Release|Any CPU
	EndGlobalSection
	GlobalSection(NestedProjects) = preSolution
		{1D384C36-7FDC-4072-B4D9-7BBEE4890B38} = {5F61B209-77DE-46F9-993E-44825409C4F5}
		{E89D1677-1260-462A-A224-377A0275256C} = {5F61B209-77DE-46F9-993E-44825409C4F5}
		{9E0B8329-30FD-4AA9-B357-8E9CDDF85114} = {5F61B209-77DE-46F9-993E-44825409C4F5}
		{26DEEF34-B76B-4193-B231-5A3A24EE4528} = {5F61B209-77DE-46F9-993E-44825409C4F5}
		{F698B8D3-3034-46AC-A42A-13A1B4504E9B} = {5F61B209-77DE-46F9-993E-44825409C4F5}
		{DF80BA0D-041D-480C-B74F-7E941F37D667} = {5F61B209-77DE-46F9-993E-44825409C4F5}
		{BC0047DE-CDE0-4636-BE3B-4EAFC535887A} = {43319172-2FCA-4872-8EE9-3C54204D4DB7}
		{85A2EC95-03BF-4612-BCEB-41F39388D88E} = {5F61B209-77DE-46F9-993E-44825409C4F5}
		{3C8F2181-E73A-4A62-81C0-5B52A62D947B} = {5F61B209-77DE-46F9-993E-44825409C4F5}
	EndGlobalSection
	GlobalSection(ProjectConfigurationPlatforms) = postSolution
		{1D384C36-7FDC-4072-B4D9-7BBEE4890B38}.Debug|Any CPU.ActiveCfg = Debug|Any CPU
		{1D384C36-7FDC-4072-B4D9-7BBEE4890B38}.Debug|Any CPU.Build.0 = Debug|Any CPU
		{1D384C36-7FDC-4072-B4D9-7BBEE4890B38}.Release|Any CPU.ActiveCfg = Release|Any CPU
		{1D384C36-7FDC-4072-B4D9-7BBEE4890B38}.Release|Any CPU.Build.0 = Release|Any CPU
		{E89D1677-1260-462A-A224-377A0275256C}.Debug|Any CPU.ActiveCfg = Debug|Any CPU
		{E89D1677-1260-462A-A224-377A0275256C}.Debug|Any CPU.Build.0 = Debug|Any CPU
		{E89D1677-1260-462A-A224-377A0275256C}.Release|Any CPU.ActiveCfg = Release|Any CPU
		{E89D1677-1260-462A-A224-377A0275256C}.Release|Any CPU.Build.0 = Release|Any CPU
		{9E0B8329-30FD-4AA9-B357-8E9CDDF85114}.Debug|Any CPU.ActiveCfg = Debug|Any CPU
		{9E0B8329-30FD-4AA9-B357-8E9CDDF85114}.Debug|Any CPU.Build.0 = Debug|Any CPU
		{9E0B8329-30FD-4AA9-B357-8E9CDDF85114}.Release|Any CPU.ActiveCfg = Release|Any CPU
		{9E0B8329-30FD-4AA9-B357-8E9CDDF85114}.Release|Any CPU.Build.0 = Release|Any CPU
		{26DEEF34-B76B-4193-B231-5A3A24EE4528}.Debug|Any CPU.ActiveCfg = Debug|Any CPU
		{26DEEF34-B76B-4193-B231-5A3A24EE4528}.Debug|Any CPU.Build.0 = Debug|Any CPU
		{26DEEF34-B76B-4193-B231-5A3A24EE4528}.Release|Any CPU.ActiveCfg = Release|Any CPU
		{26DEEF34-B76B-4193-B231-5A3A24EE4528}.Release|Any CPU.Build.0 = Release|Any CPU
		{F698B8D3-3034-46AC-A42A-13A1B4504E9B}.Debug|Any CPU.ActiveCfg = Debug|Any CPU
		{F698B8D3-3034-46AC-A42A-13A1B4504E9B}.Debug|Any CPU.Build.0 = Debug|Any CPU
		{F698B8D3-3034-46AC-A42A-13A1B4504E9B}.Release|Any CPU.ActiveCfg = Release|Any CPU
		{F698B8D3-3034-46AC-A42A-13A1B4504E9B}.Release|Any CPU.Build.0 = Release|Any CPU
		{DF80BA0D-041D-480C-B74F-7E941F37D667}.Debug|Any CPU.ActiveCfg = Debug|Any CPU
		{DF80BA0D-041D-480C-B74F-7E941F37D667}.Debug|Any CPU.Build.0 = Debug|Any CPU
		{DF80BA0D-041D-480C-B74F-7E941F37D667}.Release|Any CPU.ActiveCfg = Release|Any CPU
		{DF80BA0D-041D-480C-B74F-7E941F37D667}.Release|Any CPU.Build.0 = Release|Any CPU
		{BC0047DE-CDE0-4636-BE3B-4EAFC535887A}.Debug|Any CPU.ActiveCfg = Debug|Any CPU
		{BC0047DE-CDE0-4636-BE3B-4EAFC535887A}.Debug|Any CPU.Build.0 = Debug|Any CPU
		{BC0047DE-CDE0-4636-BE3B-4EAFC535887A}.Release|Any CPU.ActiveCfg = Release|Any CPU
		{BC0047DE-CDE0-4636-BE3B-4EAFC535887A}.Release|Any CPU.Build.0 = Release|Any CPU
		{85A2EC95-03BF-4612-BCEB-41F39388D88E}.Debug|Any CPU.ActiveCfg = Debug|Any CPU
		{85A2EC95-03BF-4612-BCEB-41F39388D88E}.Debug|Any CPU.Build.0 = Debug|Any CPU
		{85A2EC95-03BF-4612-BCEB-41F39388D88E}.Release|Any CPU.ActiveCfg = Release|Any CPU
		{85A2EC95-03BF-4612-BCEB-41F39388D88E}.Release|Any CPU.Build.0 = Release|Any CPU
		{3C8F2181-E73A-4A62-81C0-5B52A62D947B}.Debug|Any CPU.ActiveCfg = Debug|Any CPU
		{3C8F2181-E73A-4A62-81C0-5B52A62D947B}.Debug|Any CPU.Build.0 = Debug|Any CPU
		{3C8F2181-E73A-4A62-81C0-5B52A62D947B}.Release|Any CPU.ActiveCfg = Release|Any CPU
		{3C8F2181-E73A-4A62-81C0-5B52A62D947B}.Release|Any CPU.Build.0 = Release|Any CPU
	EndGlobalSection
EndGlobal
