
Microsoft Visual Studio Solution File, Format Version 12.00
Project("{2150E333-8FDC-42A3-9474-1A3956D46DE8}") = "src", "src", "{5F61B209-77DE-46F9-993E-44825409C4F5}"
EndProject
Project("{2150E333-8FDC-42A3-9474-1A3956D46DE8}") = "test", "test", "{43319172-2FCA-4872-8EE9-3C54204D4DB7}"
EndProject
Project("{FAE04EC0-301F-11D3-BF4B-00C04F79EFBC}") = "Umi.Wbp.Test", "test\Umi.Wbp.Test\Umi.Wbp.Test.csproj", "{6A1AE2F3-33DA-4FF7-8795-7971A52283B0}"
EndProject
Project("{FAE04EC0-301F-11D3-BF4B-00C04F79EFBC}") = "Umi.Wbp", "src\Umi.Wbp\Umi.Wbp.csproj", "{1D384C36-7FDC-4072-B4D9-7BBEE4890B38}"
EndProject
Project("{FAE04EC0-301F-11D3-BF4B-00C04F79EFBC}") = "Umi.Wbp.Mvvm", "src\Umi.Wbp.Mvvm\Umi.Wbp.Mvvm.csproj", "{EC244BFF-3203-4D61-A306-80EDC1C805EC}"
EndProject
Project("{FAE04EC0-301F-11D3-BF4B-00C04F79EFBC}") = "Umi.Wbp.Core", "src\Umi.Wbp.Core\Umi.Wbp.Core.csproj", "{E89D1677-1260-462A-A224-377A0275256C}"
EndProject
Project("{FAE04EC0-301F-11D3-BF4B-00C04F79EFBC}") = "Umi.Wbp.Dialogs", "src\Umi.Wbp.Dialogs\Umi.Wbp.Dialogs.csproj", "{9E0B8329-30FD-4AA9-B357-8E9CDDF85114}"
EndProject
Project("{FAE04EC0-301F-11D3-BF4B-00C04F79EFBC}") = "Umi.Wbp.Regions", "src\Umi.Wbp.Regions\Umi.Wbp.Regions.csproj", "{D017BB91-0E68-4B85-9DFC-CE7092274939}"
EndProject
Project("{FAE04EC0-301F-11D3-BF4B-00C04F79EFBC}") = "Umi.Wbp.Commands", "src\Umi.Wbp.Commands\Umi.Wbp.Commands.csproj", "{26DEEF34-B76B-4193-B231-5A3A24EE4528}"
EndProject
Project("{FAE04EC0-301F-11D3-BF4B-00C04F79EFBC}") = "Umi.Wbp.Events", "src\Umi.Wbp.Events\Umi.Wbp.Events.csproj", "{F698B8D3-3034-46AC-A42A-13A1B4504E9B}"
EndProject
Project("{FAE04EC0-301F-11D3-BF4B-00C04F79EFBC}") = "Umi.Wbp.Converters", "src\Umi.Wbp.Converters\Umi.Wbp.Converters.csproj", "{8490FD37-BD80-4D11-8C4E-561444D04965}"
EndProject
Global
	GlobalSection(SolutionConfigurationPlatforms) = preSolution
		Debug|Any CPU = Debug|Any CPU
		Release|Any CPU = Release|Any CPU
	EndGlobalSection
	GlobalSection(NestedProjects) = preSolution
		{6A1AE2F3-33DA-4FF7-8795-7971A52283B0} = {43319172-2FCA-4872-8EE9-3C54204D4DB7}
		{1D384C36-7FDC-4072-B4D9-7BBEE4890B38} = {5F61B209-77DE-46F9-993E-44825409C4F5}
		{EC244BFF-3203-4D61-A306-80EDC1C805EC} = {5F61B209-77DE-46F9-993E-44825409C4F5}
		{E89D1677-1260-462A-A224-377A0275256C} = {5F61B209-77DE-46F9-993E-44825409C4F5}
		{9E0B8329-30FD-4AA9-B357-8E9CDDF85114} = {5F61B209-77DE-46F9-993E-44825409C4F5}
		{D017BB91-0E68-4B85-9DFC-CE7092274939} = {5F61B209-77DE-46F9-993E-44825409C4F5}
		{26DEEF34-B76B-4193-B231-5A3A24EE4528} = {5F61B209-77DE-46F9-993E-44825409C4F5}
		{F698B8D3-3034-46AC-A42A-13A1B4504E9B} = {5F61B209-77DE-46F9-993E-44825409C4F5}
		{8490FD37-BD80-4D11-8C4E-561444D04965} = {5F61B209-77DE-46F9-993E-44825409C4F5}
	EndGlobalSection
	GlobalSection(ProjectConfigurationPlatforms) = postSolution
		{6A1AE2F3-33DA-4FF7-8795-7971A52283B0}.Debug|Any CPU.ActiveCfg = Debug|Any CPU
		{6A1AE2F3-33DA-4FF7-8795-7971A52283B0}.Debug|Any CPU.Build.0 = Debug|Any CPU
		{6A1AE2F3-33DA-4FF7-8795-7971A52283B0}.Release|Any CPU.ActiveCfg = Release|Any CPU
		{6A1AE2F3-33DA-4FF7-8795-7971A52283B0}.Release|Any CPU.Build.0 = Release|Any CPU
		{1D384C36-7FDC-4072-B4D9-7BBEE4890B38}.Debug|Any CPU.ActiveCfg = Debug|Any CPU
		{1D384C36-7FDC-4072-B4D9-7BBEE4890B38}.Debug|Any CPU.Build.0 = Debug|Any CPU
		{1D384C36-7FDC-4072-B4D9-7BBEE4890B38}.Release|Any CPU.ActiveCfg = Release|Any CPU
		{1D384C36-7FDC-4072-B4D9-7BBEE4890B38}.Release|Any CPU.Build.0 = Release|Any CPU
		{EC244BFF-3203-4D61-A306-80EDC1C805EC}.Debug|Any CPU.ActiveCfg = Debug|Any CPU
		{EC244BFF-3203-4D61-A306-80EDC1C805EC}.Debug|Any CPU.Build.0 = Debug|Any CPU
		{EC244BFF-3203-4D61-A306-80EDC1C805EC}.Release|Any CPU.ActiveCfg = Release|Any CPU
		{EC244BFF-3203-4D61-A306-80EDC1C805EC}.Release|Any CPU.Build.0 = Release|Any CPU
		{E89D1677-1260-462A-A224-377A0275256C}.Debug|Any CPU.ActiveCfg = Debug|Any CPU
		{E89D1677-1260-462A-A224-377A0275256C}.Debug|Any CPU.Build.0 = Debug|Any CPU
		{E89D1677-1260-462A-A224-377A0275256C}.Release|Any CPU.ActiveCfg = Release|Any CPU
		{E89D1677-1260-462A-A224-377A0275256C}.Release|Any CPU.Build.0 = Release|Any CPU
		{9E0B8329-30FD-4AA9-B357-8E9CDDF85114}.Debug|Any CPU.ActiveCfg = Debug|Any CPU
		{9E0B8329-30FD-4AA9-B357-8E9CDDF85114}.Debug|Any CPU.Build.0 = Debug|Any CPU
		{9E0B8329-30FD-4AA9-B357-8E9CDDF85114}.Release|Any CPU.ActiveCfg = Release|Any CPU
		{9E0B8329-30FD-4AA9-B357-8E9CDDF85114}.Release|Any CPU.Build.0 = Release|Any CPU
		{D017BB91-0E68-4B85-9DFC-CE7092274939}.Debug|Any CPU.ActiveCfg = Debug|Any CPU
		{D017BB91-0E68-4B85-9DFC-CE7092274939}.Debug|Any CPU.Build.0 = Debug|Any CPU
		{D017BB91-0E68-4B85-9DFC-CE7092274939}.Release|Any CPU.ActiveCfg = Release|Any CPU
		{D017BB91-0E68-4B85-9DFC-CE7092274939}.Release|Any CPU.Build.0 = Release|Any CPU
		{26DEEF34-B76B-4193-B231-5A3A24EE4528}.Debug|Any CPU.ActiveCfg = Debug|Any CPU
		{26DEEF34-B76B-4193-B231-5A3A24EE4528}.Debug|Any CPU.Build.0 = Debug|Any CPU
		{26DEEF34-B76B-4193-B231-5A3A24EE4528}.Release|Any CPU.ActiveCfg = Release|Any CPU
		{26DEEF34-B76B-4193-B231-5A3A24EE4528}.Release|Any CPU.Build.0 = Release|Any CPU
		{F698B8D3-3034-46AC-A42A-13A1B4504E9B}.Debug|Any CPU.ActiveCfg = Debug|Any CPU
		{F698B8D3-3034-46AC-A42A-13A1B4504E9B}.Debug|Any CPU.Build.0 = Debug|Any CPU
		{F698B8D3-3034-46AC-A42A-13A1B4504E9B}.Release|Any CPU.ActiveCfg = Release|Any CPU
		{F698B8D3-3034-46AC-A42A-13A1B4504E9B}.Release|Any CPU.Build.0 = Release|Any CPU
		{8490FD37-BD80-4D11-8C4E-561444D04965}.Debug|Any CPU.ActiveCfg = Debug|Any CPU
		{8490FD37-BD80-4D11-8C4E-561444D04965}.Debug|Any CPU.Build.0 = Debug|Any CPU
		{8490FD37-BD80-4D11-8C4E-561444D04965}.Release|Any CPU.ActiveCfg = Release|Any CPU
		{8490FD37-BD80-4D11-8C4E-561444D04965}.Release|Any CPU.Build.0 = Release|Any CPU
	EndGlobalSection
EndGlobal
